
Microsoft Visual Studio Solution File, Format Version 12.00
# Visual Studio Version 16
VisualStudioVersion = 16.0.31205.134
MinimumVisualStudioVersion = 10.0.40219.1
Project("{FAE04EC0-301F-11D3-BF4B-00C04F79EFBC}") = "GroupSpaceWeb", "GroupSpace\GroupSpaceWeb.csproj", "{F4C4687E-A51B-4588-A096-0B3B0CE6C7AC}"
EndProject
Project("{FAE04EC0-301F-11D3-BF4B-00C04F79EFBC}") = "GroupSpace.DAL", "GroupSpace.DAL\GroupSpace.DAL.csproj", "{E9F17058-E5C0-4AD5-81EC-97BBEE5171E4}"
EndProject
Project("{FAE04EC0-301F-11D3-BF4B-00C04F79EFBC}") = "GroupSpace.BLL", "GroupSpace.BLL\GroupSpace.BLL.csproj", "{17B98A51-9522-4CD9-8432-B94C45FAB2D6}"
EndProject
Global
	GlobalSection(SolutionConfigurationPlatforms) = preSolution
		Debug|Any CPU = Debug|Any CPU
		Release|Any CPU = Release|Any CPU
	EndGlobalSection
	GlobalSection(ProjectConfigurationPlatforms) = postSolution
		{F4C4687E-A51B-4588-A096-0B3B0CE6C7AC}.Debug|Any CPU.ActiveCfg = Debug|Any CPU
		{F4C4687E-A51B-4588-A096-0B3B0CE6C7AC}.Debug|Any CPU.Build.0 = Debug|Any CPU
		{F4C4687E-A51B-4588-A096-0B3B0CE6C7AC}.Release|Any CPU.ActiveCfg = Release|Any CPU
		{F4C4687E-A51B-4588-A096-0B3B0CE6C7AC}.Release|Any CPU.Build.0 = Release|Any CPU
		{E9F17058-E5C0-4AD5-81EC-97BBEE5171E4}.Debug|Any CPU.ActiveCfg = Debug|Any CPU
		{E9F17058-E5C0-4AD5-81EC-97BBEE5171E4}.Debug|Any CPU.Build.0 = Debug|Any CPU
		{E9F17058-E5C0-4AD5-81EC-97BBEE5171E4}.Release|Any CPU.ActiveCfg = Release|Any CPU
		{E9F17058-E5C0-4AD5-81EC-97BBEE5171E4}.Release|Any CPU.Build.0 = Release|Any CPU
		{17B98A51-9522-4CD9-8432-B94C45FAB2D6}.Debug|Any CPU.ActiveCfg = Debug|Any CPU
		{17B98A51-9522-4CD9-8432-B94C45FAB2D6}.Debug|Any CPU.Build.0 = Debug|Any CPU
		{17B98A51-9522-4CD9-8432-B94C45FAB2D6}.Release|Any CPU.ActiveCfg = Release|Any CPU
		{17B98A51-9522-4CD9-8432-B94C45FAB2D6}.Release|Any CPU.Build.0 = Release|Any CPU
	EndGlobalSection
	GlobalSection(SolutionProperties) = preSolution
		HideSolutionNode = FALSE
	EndGlobalSection
	GlobalSection(ExtensibilityGlobals) = postSolution
		SolutionGuid = {80D1992B-7313-4283-A303-CA1019FCA644}
	EndGlobalSection
EndGlobal
